// !$*UTF8*$!
{
	archiveVersion = 1;
	classes = {
	};
	objectVersion = 50;
	objects = {

/* Begin PBXBuildFile section */
		788D721321606CAB0013A1DA /* AppDelegate.swift in Sources */ = {isa = PBXBuildFile; fileRef = 788D721221606CAB0013A1DA /* AppDelegate.swift */; };
		788D721521606CAB0013A1DA /* ViewController.swift in Sources */ = {isa = PBXBuildFile; fileRef = 788D721421606CAB0013A1DA /* ViewController.swift */; };
		788D721821606CAB0013A1DA /* Main.storyboard in Resources */ = {isa = PBXBuildFile; fileRef = 788D721621606CAB0013A1DA /* Main.storyboard */; };
		788D721A21606CAC0013A1DA /* Assets.xcassets in Resources */ = {isa = PBXBuildFile; fileRef = 788D721921606CAC0013A1DA /* Assets.xcassets */; };
		788D721D21606CAC0013A1DA /* LaunchScreen.storyboard in Resources */ = {isa = PBXBuildFile; fileRef = 788D721B21606CAC0013A1DA /* LaunchScreen.storyboard */; };
		788D722821606CAC0013A1DA /* TumblrTests.swift in Sources */ = {isa = PBXBuildFile; fileRef = 788D722721606CAC0013A1DA /* TumblrTests.swift */; };
		788D723321606CAC0013A1DA /* TumblrUITests.swift in Sources */ = {isa = PBXBuildFile; fileRef = 788D723221606CAC0013A1DA /* TumblrUITests.swift */; };
/* End PBXBuildFile section */

/* Begin PBXContainerItemProxy section */
		788D722421606CAC0013A1DA /* PBXContainerItemProxy */ = {
			isa = PBXContainerItemProxy;
			containerPortal = 788D720721606CAB0013A1DA /* Project object */;
			proxyType = 1;
			remoteGlobalIDString = 788D720E21606CAB0013A1DA;
			remoteInfo = Tumblr;
		};
		788D722F21606CAC0013A1DA /* PBXContainerItemProxy */ = {
			isa = PBXContainerItemProxy;
			containerPortal = 788D720721606CAB0013A1DA /* Project object */;
			proxyType = 1;
			remoteGlobalIDString = 788D720E21606CAB0013A1DA;
			remoteInfo = Tumblr;
		};
/* End PBXContainerItemProxy section */

/* Begin PBXFileReference section */
		788D720F21606CAB0013A1DA /* Tumblr.app */ = {isa = PBXFileReference; explicitFileType = wrapper.application; includeInIndex = 0; path = Tumblr.app; sourceTree = BUILT_PRODUCTS_DIR; };
		788D721221606CAB0013A1DA /* AppDelegate.swift */ = {isa = PBXFileReference; lastKnownFileType = sourcecode.swift; path = AppDelegate.swift; sourceTree = "<group>"; };
		788D721421606CAB0013A1DA /* ViewController.swift */ = {isa = PBXFileReference; lastKnownFileType = sourcecode.swift; path = ViewController.swift; sourceTree = "<group>"; };
		788D721721606CAB0013A1DA /* Base */ = {isa = PBXFileReference; lastKnownFileType = file.storyboard; name = Base; path = Base.lproj/Main.storyboard; sourceTree = "<group>"; };
		788D721921606CAC0013A1DA /* Assets.xcassets */ = {isa = PBXFileReference; lastKnownFileType = folder.assetcatalog; path = Assets.xcassets; sourceTree = "<group>"; };
		788D721C21606CAC0013A1DA /* Base */ = {isa = PBXFileReference; lastKnownFileType = file.storyboard; name = Base; path = Base.lproj/LaunchScreen.storyboard; sourceTree = "<group>"; };
		788D721E21606CAC0013A1DA /* Info.plist */ = {isa = PBXFileReference; lastKnownFileType = text.plist.xml; path = Info.plist; sourceTree = "<group>"; };
		788D722321606CAC0013A1DA /* TumblrTests.xctest */ = {isa = PBXFileReference; explicitFileType = wrapper.cfbundle; includeInIndex = 0; path = TumblrTests.xctest; sourceTree = BUILT_PRODUCTS_DIR; };
		788D722721606CAC0013A1DA /* TumblrTests.swift */ = {isa = PBXFileReference; lastKnownFileType = sourcecode.swift; path = TumblrTests.swift; sourceTree = "<group>"; };
		788D722921606CAC0013A1DA /* Info.plist */ = {isa = PBXFileReference; lastKnownFileType = text.plist.xml; path = Info.plist; sourceTree = "<group>"; };
		788D722E21606CAC0013A1DA /* TumblrUITests.xctest */ = {isa = PBXFileReference; explicitFileType = wrapper.cfbundle; includeInIndex = 0; path = TumblrUITests.xctest; sourceTree = BUILT_PRODUCTS_DIR; };
		788D723221606CAC0013A1DA /* TumblrUITests.swift */ = {isa = PBXFileReference; lastKnownFileType = sourcecode.swift; path = TumblrUITests.swift; sourceTree = "<group>"; };
		788D723421606CAC0013A1DA /* Info.plist */ = {isa = PBXFileReference; lastKnownFileType = text.plist.xml; path = Info.plist; sourceTree = "<group>"; };
/* End PBXFileReference section */

/* Begin PBXFrameworksBuildPhase section */
		788D720C21606CAB0013A1DA /* Frameworks */ = {
			isa = PBXFrameworksBuildPhase;
			buildActionMask = 2147483647;
			files = (
			);
			runOnlyForDeploymentPostprocessing = 0;
		};
		788D722021606CAC0013A1DA /* Frameworks */ = {
			isa = PBXFrameworksBuildPhase;
			buildActionMask = 2147483647;
			files = (
			);
			runOnlyForDeploymentPostprocessing = 0;
		};
		788D722B21606CAC0013A1DA /* Frameworks */ = {
			isa = PBXFrameworksBuildPhase;
			buildActionMask = 2147483647;
			files = (
			);
			runOnlyForDeploymentPostprocessing = 0;
		};
/* End PBXFrameworksBuildPhase section */

/* Begin PBXGroup section */
		788D720621606CAB0013A1DA = {
			isa = PBXGroup;
			children = (
				788D721121606CAB0013A1DA /* Tumblr */,
				788D722621606CAC0013A1DA /* TumblrTests */,
				788D723121606CAC0013A1DA /* TumblrUITests */,
				788D721021606CAB0013A1DA /* Products */,
			);
			sourceTree = "<group>";
		};
		788D721021606CAB0013A1DA /* Products */ = {
			isa = PBXGroup;
			children = (
				788D720F21606CAB0013A1DA /* Tumblr.app */,
				788D722321606CAC0013A1DA /* TumblrTests.xctest */,
				788D722E21606CAC0013A1DA /* TumblrUITests.xctest */,
			);
			name = Products;
			sourceTree = "<group>";
		};
		788D721121606CAB0013A1DA /* Tumblr */ = {
			isa = PBXGroup;
			children = (
				788D721221606CAB0013A1DA /* AppDelegate.swift */,
				788D721421606CAB0013A1DA /* ViewController.swift */,
				788D721621606CAB0013A1DA /* Main.storyboard */,
				788D721921606CAC0013A1DA /* Assets.xcassets */,
				788D721B21606CAC0013A1DA /* LaunchScreen.storyboard */,
				788D721E21606CAC0013A1DA /* Info.plist */,
			);
			path = Tumblr;
			sourceTree = "<group>";
		};
		788D722621606CAC0013A1DA /* TumblrTests */ = {
			isa = PBXGroup;
			children = (
				788D722721606CAC0013A1DA /* TumblrTests.swift */,
				788D722921606CAC0013A1DA /* Info.plist */,
			);
			path = TumblrTests;
			sourceTree = "<group>";
		};
		788D723121606CAC0013A1DA /* TumblrUITests */ = {
			isa = PBXGroup;
			children = (
				788D723221606CAC0013A1DA /* TumblrUITests.swift */,
				788D723421606CAC0013A1DA /* Info.plist */,
			);
			path = TumblrUITests;
			sourceTree = "<group>";
		};
/* End PBXGroup section */

/* Begin PBXNativeTarget section */
		788D720E21606CAB0013A1DA /* Tumblr */ = {
			isa = PBXNativeTarget;
			buildConfigurationList = 788D723721606CAC0013A1DA /* Build configuration list for PBXNativeTarget "Tumblr" */;
			buildPhases = (
				788D720B21606CAB0013A1DA /* Sources */,
				788D720C21606CAB0013A1DA /* Frameworks */,
				788D720D21606CAB0013A1DA /* Resources */,
			);
			buildRules = (
			);
			dependencies = (
			);
			name = Tumblr;
			productName = Tumblr;
			productReference = 788D720F21606CAB0013A1DA /* Tumblr.app */;
			productType = "com.apple.product-type.application";
		};
		788D722221606CAC0013A1DA /* TumblrTests */ = {
			isa = PBXNativeTarget;
			buildConfigurationList = 788D723A21606CAC0013A1DA /* Build configuration list for PBXNativeTarget "TumblrTests" */;
			buildPhases = (
				788D721F21606CAC0013A1DA /* Sources */,
				788D722021606CAC0013A1DA /* Frameworks */,
				788D722121606CAC0013A1DA /* Resources */,
			);
			buildRules = (
			);
			dependencies = (
				788D722521606CAC0013A1DA /* PBXTargetDependency */,
			);
			name = TumblrTests;
			productName = TumblrTests;
			productReference = 788D722321606CAC0013A1DA /* TumblrTests.xctest */;
			productType = "com.apple.product-type.bundle.unit-test";
		};
		788D722D21606CAC0013A1DA /* TumblrUITests */ = {
			isa = PBXNativeTarget;
			buildConfigurationList = 788D723D21606CAC0013A1DA /* Build configuration list for PBXNativeTarget "TumblrUITests" */;
			buildPhases = (
				788D722A21606CAC0013A1DA /* Sources */,
				788D722B21606CAC0013A1DA /* Frameworks */,
				788D722C21606CAC0013A1DA /* Resources */,
			);
			buildRules = (
			);
			dependencies = (
				788D723021606CAC0013A1DA /* PBXTargetDependency */,
			);
			name = TumblrUITests;
			productName = TumblrUITests;
			productReference = 788D722E21606CAC0013A1DA /* TumblrUITests.xctest */;
			productType = "com.apple.product-type.bundle.ui-testing";
		};
/* End PBXNativeTarget section */

/* Begin PBXProject section */
		788D720721606CAB0013A1DA /* Project object */ = {
			isa = PBXProject;
			attributes = {
				LastSwiftUpdateCheck = 0940;
				LastUpgradeCheck = 0940;
				ORGANIZATIONNAME = "Ashia Nagi";
				TargetAttributes = {
					788D720E21606CAB0013A1DA = {
						CreatedOnToolsVersion = 9.4.1;
					};
					788D722221606CAC0013A1DA = {
						CreatedOnToolsVersion = 9.4.1;
						TestTargetID = 788D720E21606CAB0013A1DA;
					};
					788D722D21606CAC0013A1DA = {
						CreatedOnToolsVersion = 9.4.1;
						TestTargetID = 788D720E21606CAB0013A1DA;
					};
				};
			};
			buildConfigurationList = 788D720A21606CAB0013A1DA /* Build configuration list for PBXProject "Tumblr" */;
			compatibilityVersion = "Xcode 9.3";
			developmentRegion = en;
			hasScannedForEncodings = 0;
			knownRegions = (
				en,
				Base,
			);
			mainGroup = 788D720621606CAB0013A1DA;
			productRefGroup = 788D721021606CAB0013A1DA /* Products */;
			projectDirPath = "";
			projectRoot = "";
			targets = (
				788D720E21606CAB0013A1DA /* Tumblr */,
				788D722221606CAC0013A1DA /* TumblrTests */,
				788D722D21606CAC0013A1DA /* TumblrUITests */,
			);
		};
/* End PBXProject section */

/* Begin PBXResourcesBuildPhase section */
		788D720D21606CAB0013A1DA /* Resources */ = {
			isa = PBXResourcesBuildPhase;
			buildActionMask = 2147483647;
			files = (
				788D721D21606CAC0013A1DA /* LaunchScreen.storyboard in Resources */,
				788D721A21606CAC0013A1DA /* Assets.xcassets in Resources */,
				788D721821606CAB0013A1DA /* Main.storyboard in Resources */,
			);
			runOnlyForDeploymentPostprocessing = 0;
		};
		788D722121606CAC0013A1DA /* Resources */ = {
			isa = PBXResourcesBuildPhase;
			buildActionMask = 2147483647;
			files = (
			);
			runOnlyForDeploymentPostprocessing = 0;
		};
		788D722C21606CAC0013A1DA /* Resources */ = {
			isa = PBXResourcesBuildPhase;
			buildActionMask = 2147483647;
			files = (
			);
			runOnlyForDeploymentPostprocessing = 0;
		};
/* End PBXResourcesBuildPhase section */

/* Begin PBXSourcesBuildPhase section */
		788D720B21606CAB0013A1DA /* Sources */ = {
			isa = PBXSourcesBuildPhase;
			buildActionMask = 2147483647;
			files = (
				788D721521606CAB0013A1DA /* ViewController.swift in Sources */,
				788D721321606CAB0013A1DA /* AppDelegate.swift in Sources */,
			);
			runOnlyForDeploymentPostprocessing = 0;
		};
		788D721F21606CAC0013A1DA /* Sources */ = {
			isa = PBXSourcesBuildPhase;
			buildActionMask = 2147483647;
			files = (
				788D722821606CAC0013A1DA /* TumblrTests.swift in Sources */,
			);
			runOnlyForDeploymentPostprocessing = 0;
		};
		788D722A21606CAC0013A1DA /* Sources */ = {
			isa = PBXSourcesBuildPhase;
			buildActionMask = 2147483647;
			files = (
				788D723321606CAC0013A1DA /* TumblrUITests.swift in Sources */,
			);
			runOnlyForDeploymentPostprocessing = 0;
		};
/* End PBXSourcesBuildPhase section */

/* Begin PBXTargetDependency section */
		788D722521606CAC0013A1DA /* PBXTargetDependency */ = {
			isa = PBXTargetDependency;
			target = 788D720E21606CAB0013A1DA /* Tumblr */;
			targetProxy = 788D722421606CAC0013A1DA /* PBXContainerItemProxy */;
		};
		788D723021606CAC0013A1DA /* PBXTargetDependency */ = {
			isa = PBXTargetDependency;
			target = 788D720E21606CAB0013A1DA /* Tumblr */;
			targetProxy = 788D722F21606CAC0013A1DA /* PBXContainerItemProxy */;
		};
/* End PBXTargetDependency section */

/* Begin PBXVariantGroup section */
		788D721621606CAB0013A1DA /* Main.storyboard */ = {
			isa = PBXVariantGroup;
			children = (
				788D721721606CAB0013A1DA /* Base */,
			);
			name = Main.storyboard;
			sourceTree = "<group>";
		};
		788D721B21606CAC0013A1DA /* LaunchScreen.storyboard */ = {
			isa = PBXVariantGroup;
			children = (
				788D721C21606CAC0013A1DA /* Base */,
			);
			name = LaunchScreen.storyboard;
			sourceTree = "<group>";
		};
/* End PBXVariantGroup section */

/* Begin XCBuildConfiguration section */
		788D723521606CAC0013A1DA /* Debug */ = {
			isa = XCBuildConfiguration;
			buildSettings = {
				ALWAYS_SEARCH_USER_PATHS = NO;
				CLANG_ANALYZER_NONNULL = YES;
				CLANG_ANALYZER_NUMBER_OBJECT_CONVERSION = YES_AGGRESSIVE;
				CLANG_CXX_LANGUAGE_STANDARD = "gnu++14";
				CLANG_CXX_LIBRARY = "libc++";
				CLANG_ENABLE_MODULES = YES;
				CLANG_ENABLE_OBJC_ARC = YES;
				CLANG_ENABLE_OBJC_WEAK = YES;
				CLANG_WARN_BLOCK_CAPTURE_AUTORELEASING = YES;
				CLANG_WARN_BOOL_CONVERSION = YES;
				CLANG_WARN_COMMA = YES;
				CLANG_WARN_CONSTANT_CONVERSION = YES;
				CLANG_WARN_DEPRECATED_OBJC_IMPLEMENTATIONS = YES;
				CLANG_WARN_DIRECT_OBJC_ISA_USAGE = YES_ERROR;
				CLANG_WARN_DOCUMENTATION_COMMENTS = YES;
				CLANG_WARN_EMPTY_BODY = YES;
				CLANG_WARN_ENUM_CONVERSION = YES;
				CLANG_WARN_INFINITE_RECURSION = YES;
				CLANG_WARN_INT_CONVERSION = YES;
				CLANG_WARN_NON_LITERAL_NULL_CONVERSION = YES;
				CLANG_WARN_OBJC_IMPLICIT_RETAIN_SELF = YES;
				CLANG_WARN_OBJC_LITERAL_CONVERSION = YES;
				CLANG_WARN_OBJC_ROOT_CLASS = YES_ERROR;
				CLANG_WARN_RANGE_LOOP_ANALYSIS = YES;
				CLANG_WARN_STRICT_PROTOTYPES = YES;
				CLANG_WARN_SUSPICIOUS_MOVE = YES;
				CLANG_WARN_UNGUARDED_AVAILABILITY = YES_AGGRESSIVE;
				CLANG_WARN_UNREACHABLE_CODE = YES;
				CLANG_WARN__DUPLICATE_METHOD_MATCH = YES;
				CODE_SIGN_IDENTITY = "iPhone Developer";
				COPY_PHASE_STRIP = NO;
				DEBUG_INFORMATION_FORMAT = dwarf;
				ENABLE_STRICT_OBJC_MSGSEND = YES;
				ENABLE_TESTABILITY = YES;
				GCC_C_LANGUAGE_STANDARD = gnu11;
				GCC_DYNAMIC_NO_PIC = NO;
				GCC_NO_COMMON_BLOCKS = YES;
				GCC_OPTIMIZATION_LEVEL = 0;
				GCC_PREPROCESSOR_DEFINITIONS = (
					"DEBUG=1",
					"$(inherited)",
				);
				GCC_WARN_64_TO_32_BIT_CONVERSION = YES;
				GCC_WARN_ABOUT_RETURN_TYPE = YES_ERROR;
				GCC_WARN_UNDECLARED_SELECTOR = YES;
				GCC_WARN_UNINITIALIZED_AUTOS = YES_AGGRESSIVE;
				GCC_WARN_UNUSED_FUNCTION = YES;
				GCC_WARN_UNUSED_VARIABLE = YES;
				IPHONEOS_DEPLOYMENT_TARGET = 11.4;
				MTL_ENABLE_DEBUG_INFO = YES;
				ONLY_ACTIVE_ARCH = YES;
				SDKROOT = iphoneos;
				SWIFT_ACTIVE_COMPILATION_CONDITIONS = DEBUG;
				SWIFT_OPTIMIZATION_LEVEL = "-Onone";
			};
			name = Debug;
		};
		788D723621606CAC0013A1DA /* Release */ = {
			isa = XCBuildConfiguration;
			buildSettings = {
				ALWAYS_SEARCH_USER_PATHS = NO;
				CLANG_ANALYZER_NONNULL = YES;
				CLANG_ANALYZER_NUMBER_OBJECT_CONVERSION = YES_AGGRESSIVE;
				CLANG_CXX_LANGUAGE_STANDARD = "gnu++14";
				CLANG_CXX_LIBRARY = "libc++";
				CLANG_ENABLE_MODULES = YES;
				CLANG_ENABLE_OBJC_ARC = YES;
				CLANG_ENABLE_OBJC_WEAK = YES;
				CLANG_WARN_BLOCK_CAPTURE_AUTORELEASING = YES;
				CLANG_WARN_BOOL_CONVERSION = YES;
				CLANG_WARN_COMMA = YES;
				CLANG_WARN_CONSTANT_CONVERSION = YES;
				CLANG_WARN_DEPRECATED_OBJC_IMPLEMENTATIONS = YES;
				CLANG_WARN_DIRECT_OBJC_ISA_USAGE = YES_ERROR;
				CLANG_WARN_DOCUMENTATION_COMMENTS = YES;
				CLANG_WARN_EMPTY_BODY = YES;
				CLANG_WARN_ENUM_CONVERSION = YES;
				CLANG_WARN_INFINITE_RECURSION = YES;
				CLANG_WARN_INT_CONVERSION = YES;
				CLANG_WARN_NON_LITERAL_NULL_CONVERSION = YES;
				CLANG_WARN_OBJC_IMPLICIT_RETAIN_SELF = YES;
				CLANG_WARN_OBJC_LITERAL_CONVERSION = YES;
				CLANG_WARN_OBJC_ROOT_CLASS = YES_ERROR;
				CLANG_WARN_RANGE_LOOP_ANALYSIS = YES;
				CLANG_WARN_STRICT_PROTOTYPES = YES;
				CLANG_WARN_SUSPICIOUS_MOVE = YES;
				CLANG_WARN_UNGUARDED_AVAILABILITY = YES_AGGRESSIVE;
				CLANG_WARN_UNREACHABLE_CODE = YES;
				CLANG_WARN__DUPLICATE_METHOD_MATCH = YES;
				CODE_SIGN_IDENTITY = "iPhone Developer";
				COPY_PHASE_STRIP = NO;
				DEBUG_INFORMATION_FORMAT = "dwarf-with-dsym";
				ENABLE_NS_ASSERTIONS = NO;
				ENABLE_STRICT_OBJC_MSGSEND = YES;
				GCC_C_LANGUAGE_STANDARD = gnu11;
				GCC_NO_COMMON_BLOCKS = YES;
				GCC_WARN_64_TO_32_BIT_CONVERSION = YES;
				GCC_WARN_ABOUT_RETURN_TYPE = YES_ERROR;
				GCC_WARN_UNDECLARED_SELECTOR = YES;
				GCC_WARN_UNINITIALIZED_AUTOS = YES_AGGRESSIVE;
				GCC_WARN_UNUSED_FUNCTION = YES;
				GCC_WARN_UNUSED_VARIABLE = YES;
				IPHONEOS_DEPLOYMENT_TARGET = 11.4;
				MTL_ENABLE_DEBUG_INFO = NO;
				SDKROOT = iphoneos;
				SWIFT_COMPILATION_MODE = wholemodule;
				SWIFT_OPTIMIZATION_LEVEL = "-O";
				VALIDATE_PRODUCT = YES;
			};
			name = Release;
		};
		788D723821606CAC0013A1DA /* Debug */ = {
			isa = XCBuildConfiguration;
			buildSettings = {
				ASSETCATALOG_COMPILER_APPICON_NAME = AppIcon;
				CODE_SIGN_STYLE = Automatic;
				INFOPLIST_FILE = Tumblr/Info.plist;
				LD_RUNPATH_SEARCH_PATHS = (
					"$(inherited)",
					"@executable_path/Frameworks",
				);
				PRODUCT_BUNDLE_IDENTIFIER = AshiaNagi.Tumblr;
				PRODUCT_NAME = "$(TARGET_NAME)";
				SWIFT_VERSION = 4.0;
				TARGETED_DEVICE_FAMILY = "1,2";
			};
			name = Debug;
		};
		788D723921606CAC0013A1DA /* Release */ = {
			isa = XCBuildConfiguration;
			buildSettings = {
				ASSETCATALOG_COMPILER_APPICON_NAME = AppIcon;
				CODE_SIGN_STYLE = Automatic;
				INFOPLIST_FILE = Tumblr/Info.plist;
				LD_RUNPATH_SEARCH_PATHS = (
					"$(inherited)",
					"@executable_path/Frameworks",
				);
				PRODUCT_BUNDLE_IDENTIFIER = AshiaNagi.Tumblr;
				PRODUCT_NAME = "$(TARGET_NAME)";
				SWIFT_VERSION = 4.0;
				TARGETED_DEVICE_FAMILY = "1,2";
			};
			name = Release;
		};
		788D723B21606CAC0013A1DA /* Debug */ = {
			isa = XCBuildConfiguration;
			buildSettings = {
				ALWAYS_EMBED_SWIFT_STANDARD_LIBRARIES = YES;
				BUNDLE_LOADER = "$(TEST_HOST)";
				CODE_SIGN_STYLE = Automatic;
				INFOPLIST_FILE = TumblrTests/Info.plist;
				LD_RUNPATH_SEARCH_PATHS = (
					"$(inherited)",
					"@executable_path/Frameworks",
					"@loader_path/Frameworks",
				);
				PRODUCT_BUNDLE_IDENTIFIER = AshiaNagi.TumblrTests;
				PRODUCT_NAME = "$(TARGET_NAME)";
				SWIFT_VERSION = 4.0;
				TARGETED_DEVICE_FAMILY = "1,2";
				TEST_HOST = "$(BUILT_PRODUCTS_DIR)/Tumblr.app/Tumblr";
			};
			name = Debug;
		};
		788D723C21606CAC0013A1DA /* Release */ = {
			isa = XCBuildConfiguration;
			buildSettings = {
				ALWAYS_EMBED_SWIFT_STANDARD_LIBRARIES = YES;
				BUNDLE_LOADER = "$(TEST_HOST)";
				CODE_SIGN_STYLE = Automatic;
				INFOPLIST_FILE = TumblrTests/Info.plist;
				LD_RUNPATH_SEARCH_PATHS = (
					"$(inherited)",
					"@executable_path/Frameworks",
					"@loader_path/Frameworks",
				);
				PRODUCT_BUNDLE_IDENTIFIER = AshiaNagi.TumblrTests;
				PRODUCT_NAME = "$(TARGET_NAME)";
				SWIFT_VERSION = 4.0;
				TARGETED_DEVICE_FAMILY = "1,2";
				TEST_HOST = "$(BUILT_PRODUCTS_DIR)/Tumblr.app/Tumblr";
			};
			name = Release;
		};
		788D723E21606CAC0013A1DA /* Debug */ = {
			isa = XCBuildConfiguration;
			buildSettings = {
				ALWAYS_EMBED_SWIFT_STANDARD_LIBRARIES = YES;
				CODE_SIGN_STYLE = Automatic;
				INFOPLIST_FILE = TumblrUITests/Info.plist;
				LD_RUNPATH_SEARCH_PATHS = (
					"$(inherited)",
					"@executable_path/Frameworks",
					"@loader_path/Frameworks",
				);
				PRODUCT_BUNDLE_IDENTIFIER = AshiaNagi.TumblrUITests;
				PRODUCT_NAME = "$(TARGET_NAME)";
				SWIFT_VERSION = 4.0;
				TARGETED_DEVICE_FAMILY = "1,2";
				TEST_TARGET_NAME = Tumblr;
			};
			name = Debug;
		};
		788D723F21606CAC0013A1DA /* Release */ = {
			isa = XCBuildConfiguration;
			buildSettings = {
				ALWAYS_EMBED_SWIFT_STANDARD_LIBRARIES = YES;
				CODE_SIGN_STYLE = Automatic;
				INFOPLIST_FILE = TumblrUITests/Info.plist;
				LD_RUNPATH_SEARCH_PATHS = (
					"$(inherited)",
					"@executable_path/Frameworks",
					"@loader_path/Frameworks",
				);
				PRODUCT_BUNDLE_IDENTIFIER = AshiaNagi.TumblrUITests;
				PRODUCT_NAME = "$(TARGET_NAME)";
				SWIFT_VERSION = 4.0;
				TARGETED_DEVICE_FAMILY = "1,2";
				TEST_TARGET_NAME = Tumblr;
			};
			name = Release;
		};
/* End XCBuildConfiguration section */

/* Begin XCConfigurationList section */
		788D720A21606CAB0013A1DA /* Build configuration list for PBXProject "Tumblr" */ = {
			isa = XCConfigurationList;
			buildConfigurations = (
				788D723521606CAC0013A1DA /* Debug */,
				788D723621606CAC0013A1DA /* Release */,
			);
			defaultConfigurationIsVisible = 0;
			defaultConfigurationName = Release;
		};
		788D723721606CAC0013A1DA /* Build configuration list for PBXNativeTarget "Tumblr" */ = {
			isa = XCConfigurationList;
			buildConfigurations = (
				788D723821606CAC0013A1DA /* Debug */,
				788D723921606CAC0013A1DA /* Release */,
			);
			defaultConfigurationIsVisible = 0;
			defaultConfigurationName = Release;
		};
		788D723A21606CAC0013A1DA /* Build configuration list for PBXNativeTarget "TumblrTests" */ = {
			isa = XCConfigurationList;
			buildConfigurations = (
				788D723B21606CAC0013A1DA /* Debug */,
				788D723C21606CAC0013A1DA /* Release */,
			);
			defaultConfigurationIsVisible = 0;
			defaultConfigurationName = Release;
		};
		788D723D21606CAC0013A1DA /* Build configuration list for PBXNativeTarget "TumblrUITests" */ = {
			isa = XCConfigurationList;
			buildConfigurations = (
				788D723E21606CAC0013A1DA /* Debug */,
				788D723F21606CAC0013A1DA /* Release */,
			);
			defaultConfigurationIsVisible = 0;
			defaultConfigurationName = Release;
		};
/* End XCConfigurationList section */
	};
	rootObject = 788D720721606CAB0013A1DA /* Project object */;
}
